
Microsoft Visual Studio Solution File, Format Version 12.00
# Visual Studio Version 17
VisualStudioVersion = 17.0.32126.317
MinimumVisualStudioVersion = 10.0.40219.1
Project("{9A19103F-16F7-4668-BE54-9A1E7A4F7556}") = "Ateliex.Web", "src\Ateliex.Web\Ateliex.Web.csproj", "{88905E9C-9AE7-434D-851D-1DEEFD95D9EE}"
EndProject
Project("{FAE04EC0-301F-11D3-BF4B-00C04F79EFBC}") = "Ateliex.WinForms", "src\Ateliex.WinForms\Ateliex.WinForms.csproj", "{677AB269-11CF-42C1-BF73-6418AC373ED1}"
EndProject
Project("{FAE04EC0-301F-11D3-BF4B-00C04F79EFBC}") = "Ateliex.WinUI", "src\Ateliex.WinUI\Ateliex.WinUI.csproj", "{3A2EEB00-9F94-44AD-9267-F655DC45FF33}"
EndProject
Project("{FAE04EC0-301F-11D3-BF4B-00C04F79EFBC}") = "Ateliex.Windows", "src\Ateliex.Windows\Ateliex.Windows.csproj", "{F898F9AE-45CD-4F3B-8EE0-720B5F66286A}"
EndProject
Global
	GlobalSection(SolutionConfigurationPlatforms) = preSolution
		Debug|Any CPU = Debug|Any CPU
		Debug|ARM = Debug|ARM
		Debug|ARM64 = Debug|ARM64
		Debug|x64 = Debug|x64
		Debug|x86 = Debug|x86
		Release|Any CPU = Release|Any CPU
		Release|ARM = Release|ARM
		Release|ARM64 = Release|ARM64
		Release|x64 = Release|x64
		Release|x86 = Release|x86
	EndGlobalSection
	GlobalSection(ProjectConfigurationPlatforms) = postSolution
		{88905E9C-9AE7-434D-851D-1DEEFD95D9EE}.Debug|Any CPU.ActiveCfg = Debug|Any CPU
		{88905E9C-9AE7-434D-851D-1DEEFD95D9EE}.Debug|Any CPU.Build.0 = Debug|Any CPU
		{88905E9C-9AE7-434D-851D-1DEEFD95D9EE}.Debug|ARM.ActiveCfg = Debug|Any CPU
		{88905E9C-9AE7-434D-851D-1DEEFD95D9EE}.Debug|ARM.Build.0 = Debug|Any CPU
		{88905E9C-9AE7-434D-851D-1DEEFD95D9EE}.Debug|ARM64.ActiveCfg = Debug|Any CPU
		{88905E9C-9AE7-434D-851D-1DEEFD95D9EE}.Debug|ARM64.Build.0 = Debug|Any CPU
		{88905E9C-9AE7-434D-851D-1DEEFD95D9EE}.Debug|x64.ActiveCfg = Debug|Any CPU
		{88905E9C-9AE7-434D-851D-1DEEFD95D9EE}.Debug|x64.Build.0 = Debug|Any CPU
		{88905E9C-9AE7-434D-851D-1DEEFD95D9EE}.Debug|x86.ActiveCfg = Debug|Any CPU
		{88905E9C-9AE7-434D-851D-1DEEFD95D9EE}.Debug|x86.Build.0 = Debug|Any CPU
		{88905E9C-9AE7-434D-851D-1DEEFD95D9EE}.Release|Any CPU.ActiveCfg = Release|Any CPU
		{88905E9C-9AE7-434D-851D-1DEEFD95D9EE}.Release|Any CPU.Build.0 = Release|Any CPU
		{88905E9C-9AE7-434D-851D-1DEEFD95D9EE}.Release|ARM.ActiveCfg = Release|Any CPU
		{88905E9C-9AE7-434D-851D-1DEEFD95D9EE}.Release|ARM.Build.0 = Release|Any CPU
		{88905E9C-9AE7-434D-851D-1DEEFD95D9EE}.Release|ARM64.ActiveCfg = Release|Any CPU
		{88905E9C-9AE7-434D-851D-1DEEFD95D9EE}.Release|ARM64.Build.0 = Release|Any CPU
		{88905E9C-9AE7-434D-851D-1DEEFD95D9EE}.Release|x64.ActiveCfg = Release|Any CPU
		{88905E9C-9AE7-434D-851D-1DEEFD95D9EE}.Release|x64.Build.0 = Release|Any CPU
		{88905E9C-9AE7-434D-851D-1DEEFD95D9EE}.Release|x86.ActiveCfg = Release|Any CPU
		{88905E9C-9AE7-434D-851D-1DEEFD95D9EE}.Release|x86.Build.0 = Release|Any CPU
		{677AB269-11CF-42C1-BF73-6418AC373ED1}.Debug|Any CPU.ActiveCfg = Debug|Any CPU
		{677AB269-11CF-42C1-BF73-6418AC373ED1}.Debug|Any CPU.Build.0 = Debug|Any CPU
		{677AB269-11CF-42C1-BF73-6418AC373ED1}.Debug|ARM.ActiveCfg = Debug|Any CPU
		{677AB269-11CF-42C1-BF73-6418AC373ED1}.Debug|ARM.Build.0 = Debug|Any CPU
		{677AB269-11CF-42C1-BF73-6418AC373ED1}.Debug|ARM64.ActiveCfg = Debug|Any CPU
		{677AB269-11CF-42C1-BF73-6418AC373ED1}.Debug|ARM64.Build.0 = Debug|Any CPU
		{677AB269-11CF-42C1-BF73-6418AC373ED1}.Debug|x64.ActiveCfg = Debug|Any CPU
		{677AB269-11CF-42C1-BF73-6418AC373ED1}.Debug|x64.Build.0 = Debug|Any CPU
		{677AB269-11CF-42C1-BF73-6418AC373ED1}.Debug|x86.ActiveCfg = Debug|Any CPU
		{677AB269-11CF-42C1-BF73-6418AC373ED1}.Debug|x86.Build.0 = Debug|Any CPU
		{677AB269-11CF-42C1-BF73-6418AC373ED1}.Release|Any CPU.ActiveCfg = Release|Any CPU
		{677AB269-11CF-42C1-BF73-6418AC373ED1}.Release|Any CPU.Build.0 = Release|Any CPU
		{677AB269-11CF-42C1-BF73-6418AC373ED1}.Release|ARM.ActiveCfg = Release|Any CPU
		{677AB269-11CF-42C1-BF73-6418AC373ED1}.Release|ARM.Build.0 = Release|Any CPU
		{677AB269-11CF-42C1-BF73-6418AC373ED1}.Release|ARM64.ActiveCfg = Release|Any CPU
		{677AB269-11CF-42C1-BF73-6418AC373ED1}.Release|ARM64.Build.0 = Release|Any CPU
		{677AB269-11CF-42C1-BF73-6418AC373ED1}.Release|x64.ActiveCfg = Release|Any CPU
		{677AB269-11CF-42C1-BF73-6418AC373ED1}.Release|x64.Build.0 = Release|Any CPU
		{677AB269-11CF-42C1-BF73-6418AC373ED1}.Release|x86.ActiveCfg = Release|Any CPU
		{677AB269-11CF-42C1-BF73-6418AC373ED1}.Release|x86.Build.0 = Release|Any CPU
		{3A2EEB00-9F94-44AD-9267-F655DC45FF33}.Debug|Any CPU.ActiveCfg = Debug|x64
		{3A2EEB00-9F94-44AD-9267-F655DC45FF33}.Debug|Any CPU.Build.0 = Debug|x64
		{3A2EEB00-9F94-44AD-9267-F655DC45FF33}.Debug|Any CPU.Deploy.0 = Debug|x64
		{3A2EEB00-9F94-44AD-9267-F655DC45FF33}.Debug|ARM.ActiveCfg = Debug|ARM
		{3A2EEB00-9F94-44AD-9267-F655DC45FF33}.Debug|ARM.Build.0 = Debug|ARM
		{3A2EEB00-9F94-44AD-9267-F655DC45FF33}.Debug|ARM.Deploy.0 = Debug|ARM
		{3A2EEB00-9F94-44AD-9267-F655DC45FF33}.Debug|ARM64.ActiveCfg = Debug|ARM64
		{3A2EEB00-9F94-44AD-9267-F655DC45FF33}.Debug|ARM64.Build.0 = Debug|ARM64
		{3A2EEB00-9F94-44AD-9267-F655DC45FF33}.Debug|ARM64.Deploy.0 = Debug|ARM64
		{3A2EEB00-9F94-44AD-9267-F655DC45FF33}.Debug|x64.ActiveCfg = Debug|x64
		{3A2EEB00-9F94-44AD-9267-F655DC45FF33}.Debug|x64.Build.0 = Debug|x64
		{3A2EEB00-9F94-44AD-9267-F655DC45FF33}.Debug|x64.Deploy.0 = Debug|x64
		{3A2EEB00-9F94-44AD-9267-F655DC45FF33}.Debug|x86.ActiveCfg = Debug|x86
		{3A2EEB00-9F94-44AD-9267-F655DC45FF33}.Debug|x86.Build.0 = Debug|x86
		{3A2EEB00-9F94-44AD-9267-F655DC45FF33}.Debug|x86.Deploy.0 = Debug|x86
		{3A2EEB00-9F94-44AD-9267-F655DC45FF33}.Release|Any CPU.ActiveCfg = Release|x64
		{3A2EEB00-9F94-44AD-9267-F655DC45FF33}.Release|Any CPU.Build.0 = Release|x64
		{3A2EEB00-9F94-44AD-9267-F655DC45FF33}.Release|Any CPU.Deploy.0 = Release|x64
		{3A2EEB00-9F94-44AD-9267-F655DC45FF33}.Release|ARM.ActiveCfg = Release|ARM
		{3A2EEB00-9F94-44AD-9267-F655DC45FF33}.Release|ARM.Build.0 = Release|ARM
		{3A2EEB00-9F94-44AD-9267-F655DC45FF33}.Release|ARM.Deploy.0 = Release|ARM
		{3A2EEB00-9F94-44AD-9267-F655DC45FF33}.Release|ARM64.ActiveCfg = Release|ARM64
		{3A2EEB00-9F94-44AD-9267-F655DC45FF33}.Release|ARM64.Build.0 = Release|ARM64
		{3A2EEB00-9F94-44AD-9267-F655DC45FF33}.Release|ARM64.Deploy.0 = Release|ARM64
		{3A2EEB00-9F94-44AD-9267-F655DC45FF33}.Release|x64.ActiveCfg = Release|x64
		{3A2EEB00-9F94-44AD-9267-F655DC45FF33}.Release|x64.Build.0 = Release|x64
		{3A2EEB00-9F94-44AD-9267-F655DC45FF33}.Release|x64.Deploy.0 = Release|x64
		{3A2EEB00-9F94-44AD-9267-F655DC45FF33}.Release|x86.ActiveCfg = Release|x86
		{3A2EEB00-9F94-44AD-9267-F655DC45FF33}.Release|x86.Build.0 = Release|x86
		{3A2EEB00-9F94-44AD-9267-F655DC45FF33}.Release|x86.Deploy.0 = Release|x86
		{F898F9AE-45CD-4F3B-8EE0-720B5F66286A}.Debug|Any CPU.ActiveCfg = Debug|Any CPU
		{F898F9AE-45CD-4F3B-8EE0-720B5F66286A}.Debug|Any CPU.Build.0 = Debug|Any CPU
		{F898F9AE-45CD-4F3B-8EE0-720B5F66286A}.Debug|ARM.ActiveCfg = Debug|Any CPU
		{F898F9AE-45CD-4F3B-8EE0-720B5F66286A}.Debug|ARM.Build.0 = Debug|Any CPU
		{F898F9AE-45CD-4F3B-8EE0-720B5F66286A}.Debug|ARM64.ActiveCfg = Debug|Any CPU
		{F898F9AE-45CD-4F3B-8EE0-720B5F66286A}.Debug|ARM64.Build.0 = Debug|Any CPU
		{F898F9AE-45CD-4F3B-8EE0-720B5F66286A}.Debug|x64.ActiveCfg = Debug|Any CPU
		{F898F9AE-45CD-4F3B-8EE0-720B5F66286A}.Debug|x64.Build.0 = Debug|Any CPU
		{F898F9AE-45CD-4F3B-8EE0-720B5F66286A}.Debug|x86.ActiveCfg = Debug|Any CPU
		{F898F9AE-45CD-4F3B-8EE0-720B5F66286A}.Debug|x86.Build.0 = Debug|Any CPU
		{F898F9AE-45CD-4F3B-8EE0-720B5F66286A}.Release|Any CPU.ActiveCfg = Release|Any CPU
		{F898F9AE-45CD-4F3B-8EE0-720B5F66286A}.Release|Any CPU.Build.0 = Release|Any CPU
		{F898F9AE-45CD-4F3B-8EE0-720B5F66286A}.Release|ARM.ActiveCfg = Release|Any CPU
		{F898F9AE-45CD-4F3B-8EE0-720B5F66286A}.Release|ARM.Build.0 = Release|Any CPU
		{F898F9AE-45CD-4F3B-8EE0-720B5F66286A}.Release|ARM64.ActiveCfg = Release|Any CPU
		{F898F9AE-45CD-4F3B-8EE0-720B5F66286A}.Release|ARM64.Build.0 = Release|Any CPU
		{F898F9AE-45CD-4F3B-8EE0-720B5F66286A}.Release|x64.ActiveCfg = Release|Any CPU
		{F898F9AE-45CD-4F3B-8EE0-720B5F66286A}.Release|x64.Build.0 = Release|Any CPU
		{F898F9AE-45CD-4F3B-8EE0-720B5F66286A}.Release|x86.ActiveCfg = Release|Any CPU
		{F898F9AE-45CD-4F3B-8EE0-720B5F66286A}.Release|x86.Build.0 = Release|Any CPU
	EndGlobalSection
	GlobalSection(SolutionProperties) = preSolution
		HideSolutionNode = FALSE
	EndGlobalSection
	GlobalSection(ExtensibilityGlobals) = postSolution
		SolutionGuid = {E83A3EEB-EADD-4444-9D2D-43FD4E183796}
	EndGlobalSection
EndGlobal
